
Microsoft Visual Studio Solution File, Format Version 12.00
# Visual Studio Version 17
VisualStudioVersion = 17.5.33627.172
MinimumVisualStudioVersion = 10.0.40219.1
Project("{9A19103F-16F7-4668-BE54-9A1E7A4F7556}") = "PDesafio1-Operacoes", "PDesafio1-Operacoes\PDesafio1-Operacoes.csproj", "{F3E97B26-9D93-43AD-BA69-D7978409D336}"
EndProject
Project("{9A19103F-16F7-4668-BE54-9A1E7A4F7556}") = "PDesafio2-Livros", "PDesafio2-Livros\PDesafio2-Livros.csproj", "{D19E0A64-3987-4EAA-AB06-2F87FC91768C}"
EndProject
Project("{9A19103F-16F7-4668-BE54-9A1E7A4F7556}") = "PDesafio3-AutenticarLogin", "PDesafio3-AutenticarLogin\PDesafio3-AutenticarLogin.csproj", "{F2EA1576-0E91-478F-BA88-F3065D1F4EDC}"
EndProject
Project("{9A19103F-16F7-4668-BE54-9A1E7A4F7556}") = "PDesafio4-Interface", "PDesafio4-Interface\PDesafio4-Interface.csproj", "{0DAC700C-A5CA-4D4B-94BE-06DCD3D81550}"
EndProject
Global
	GlobalSection(SolutionConfigurationPlatforms) = preSolution
		Debug|Any CPU = Debug|Any CPU
		Release|Any CPU = Release|Any CPU
	EndGlobalSection
	GlobalSection(ProjectConfigurationPlatforms) = postSolution
		{F3E97B26-9D93-43AD-BA69-D7978409D336}.Debug|Any CPU.ActiveCfg = Debug|Any CPU
		{F3E97B26-9D93-43AD-BA69-D7978409D336}.Debug|Any CPU.Build.0 = Debug|Any CPU
		{F3E97B26-9D93-43AD-BA69-D7978409D336}.Release|Any CPU.ActiveCfg = Release|Any CPU
		{F3E97B26-9D93-43AD-BA69-D7978409D336}.Release|Any CPU.Build.0 = Release|Any CPU
		{D19E0A64-3987-4EAA-AB06-2F87FC91768C}.Debug|Any CPU.ActiveCfg = Debug|Any CPU
		{D19E0A64-3987-4EAA-AB06-2F87FC91768C}.Debug|Any CPU.Build.0 = Debug|Any CPU
		{D19E0A64-3987-4EAA-AB06-2F87FC91768C}.Release|Any CPU.ActiveCfg = Release|Any CPU
		{D19E0A64-3987-4EAA-AB06-2F87FC91768C}.Release|Any CPU.Build.0 = Release|Any CPU
		{F2EA1576-0E91-478F-BA88-F3065D1F4EDC}.Debug|Any CPU.ActiveCfg = Debug|Any CPU
		{F2EA1576-0E91-478F-BA88-F3065D1F4EDC}.Debug|Any CPU.Build.0 = Debug|Any CPU
		{F2EA1576-0E91-478F-BA88-F3065D1F4EDC}.Release|Any CPU.ActiveCfg = Release|Any CPU
		{F2EA1576-0E91-478F-BA88-F3065D1F4EDC}.Release|Any CPU.Build.0 = Release|Any CPU
		{0DAC700C-A5CA-4D4B-94BE-06DCD3D81550}.Debug|Any CPU.ActiveCfg = Debug|Any CPU
		{0DAC700C-A5CA-4D4B-94BE-06DCD3D81550}.Debug|Any CPU.Build.0 = Debug|Any CPU
		{0DAC700C-A5CA-4D4B-94BE-06DCD3D81550}.Release|Any CPU.ActiveCfg = Release|Any CPU
		{0DAC700C-A5CA-4D4B-94BE-06DCD3D81550}.Release|Any CPU.Build.0 = Release|Any CPU
	EndGlobalSection
	GlobalSection(SolutionProperties) = preSolution
		HideSolutionNode = FALSE
	EndGlobalSection
	GlobalSection(ExtensibilityGlobals) = postSolution
		SolutionGuid = {A883BEA7-E458-4A06-B6BE-AC14E93C2A62}
	EndGlobalSection
EndGlobal
